
Microsoft Visual Studio Solution File, Format Version 12.00
# Visual Studio Version 16
VisualStudioVersion = 16.0.29905.134
MinimumVisualStudioVersion = 10.0.40219.1
Project("{9A19103F-16F7-4668-BE54-9A1E7A4F7556}") = "CoreApplication", "CoreApplication.csproj", "{BD23990A-2D09-41BC-9BB6-15607EAC024C}"
EndProject
Project("{FAE04EC0-301F-11D3-BF4B-00C04F79EFBC}") = "Database", "..\Database\Database.csproj", "{2A635368-04CF-46FB-848A-157689932276}"
EndProject
Project("{FAE04EC0-301F-11D3-BF4B-00C04F79EFBC}") = "Common", "..\Common\Common.csproj", "{AE74E66F-45F8-4DFC-AB48-32CE92876F51}"
EndProject
Global
	GlobalSection(SolutionConfigurationPlatforms) = preSolution
		Debug|Any CPU = Debug|Any CPU
		Release|Any CPU = Release|Any CPU
	EndGlobalSection
	GlobalSection(ProjectConfigurationPlatforms) = postSolution
		{BD23990A-2D09-41BC-9BB6-15607EAC024C}.Debug|Any CPU.ActiveCfg = Debug|Any CPU
		{BD23990A-2D09-41BC-9BB6-15607EAC024C}.Debug|Any CPU.Build.0 = Debug|Any CPU
		{BD23990A-2D09-41BC-9BB6-15607EAC024C}.Release|Any CPU.ActiveCfg = Release|Any CPU
		{BD23990A-2D09-41BC-9BB6-15607EAC024C}.Release|Any CPU.Build.0 = Release|Any CPU
		{2A635368-04CF-46FB-848A-157689932276}.Debug|Any CPU.ActiveCfg = Debug|Any CPU
		{2A635368-04CF-46FB-848A-157689932276}.Debug|Any CPU.Build.0 = Debug|Any CPU
		{2A635368-04CF-46FB-848A-157689932276}.Release|Any CPU.ActiveCfg = Release|Any CPU
		{2A635368-04CF-46FB-848A-157689932276}.Release|Any CPU.Build.0 = Release|Any CPU
		{AE74E66F-45F8-4DFC-AB48-32CE92876F51}.Debug|Any CPU.ActiveCfg = Debug|Any CPU
		{AE74E66F-45F8-4DFC-AB48-32CE92876F51}.Debug|Any CPU.Build.0 = Debug|Any CPU
		{AE74E66F-45F8-4DFC-AB48-32CE92876F51}.Release|Any CPU.ActiveCfg = Release|Any CPU
		{AE74E66F-45F8-4DFC-AB48-32CE92876F51}.Release|Any CPU.Build.0 = Release|Any CPU
	EndGlobalSection
	GlobalSection(SolutionProperties) = preSolution
		HideSolutionNode = FALSE
	EndGlobalSection
	GlobalSection(ExtensibilityGlobals) = postSolution
		SolutionGuid = {48DF2954-2ABC-4E25-9601-4E893A36F438}
	EndGlobalSection
EndGlobal
